
Microsoft Visual Studio Solution File, Format Version 12.00
# Visual Studio Version 16
VisualStudioVersion = 16.0.30907.101
MinimumVisualStudioVersion = 10.0.40219.1
Project("{FAE04EC0-301F-11D3-BF4B-00C04F79EFBC}") = "SimpleApp.Server", "SimpleApp\Server\SimpleApp.Server.csproj", "{6078AB1B-E7D2-45FF-90C8-D75FB8915E8D}"
EndProject
Project("{FAE04EC0-301F-11D3-BF4B-00C04F79EFBC}") = "SimpleApp.Client", "SimpleApp\Client\SimpleApp.Client.csproj", "{86B874C4-301C-4EE3-9F9E-AA0AEC57F7C8}"
EndProject
Project("{FAE04EC0-301F-11D3-BF4B-00C04F79EFBC}") = "SimpleApp.Shared", "SimpleApp\Shared\SimpleApp.Shared.csproj", "{1B2C212C-6BCF-4169-8099-85D33956F5E4}"
EndProject
Global
	GlobalSection(SolutionConfigurationPlatforms) = preSolution
		Debug|Any CPU = Debug|Any CPU
		Release|Any CPU = Release|Any CPU
	EndGlobalSection
	GlobalSection(ProjectConfigurationPlatforms) = postSolution
		{6078AB1B-E7D2-45FF-90C8-D75FB8915E8D}.Debug|Any CPU.ActiveCfg = Debug|Any CPU
		{6078AB1B-E7D2-45FF-90C8-D75FB8915E8D}.Debug|Any CPU.Build.0 = Debug|Any CPU
		{6078AB1B-E7D2-45FF-90C8-D75FB8915E8D}.Release|Any CPU.ActiveCfg = Release|Any CPU
		{6078AB1B-E7D2-45FF-90C8-D75FB8915E8D}.Release|Any CPU.Build.0 = Release|Any CPU
		{86B874C4-301C-4EE3-9F9E-AA0AEC57F7C8}.Debug|Any CPU.ActiveCfg = Debug|Any CPU
		{86B874C4-301C-4EE3-9F9E-AA0AEC57F7C8}.Debug|Any CPU.Build.0 = Debug|Any CPU
		{86B874C4-301C-4EE3-9F9E-AA0AEC57F7C8}.Release|Any CPU.ActiveCfg = Release|Any CPU
		{86B874C4-301C-4EE3-9F9E-AA0AEC57F7C8}.Release|Any CPU.Build.0 = Release|Any CPU
		{1B2C212C-6BCF-4169-8099-85D33956F5E4}.Debug|Any CPU.ActiveCfg = Debug|Any CPU
		{1B2C212C-6BCF-4169-8099-85D33956F5E4}.Debug|Any CPU.Build.0 = Debug|Any CPU
		{1B2C212C-6BCF-4169-8099-85D33956F5E4}.Release|Any CPU.ActiveCfg = Release|Any CPU
		{1B2C212C-6BCF-4169-8099-85D33956F5E4}.Release|Any CPU.Build.0 = Release|Any CPU
	EndGlobalSection
	GlobalSection(SolutionProperties) = preSolution
		HideSolutionNode = FALSE
	EndGlobalSection
	GlobalSection(ExtensibilityGlobals) = postSolution
		SolutionGuid = {70258A50-6787-4CA5-9D24-553467BE0933}
	EndGlobalSection
EndGlobal
